
Microsoft Visual Studio Solution File, Format Version 12.00
# Visual Studio Version 16
VisualStudioVersion = 16.0.31829.152
MinimumVisualStudioVersion = 10.0.40219.1
Project("{FAE04EC0-301F-11D3-BF4B-00C04F79EFBC}") = "TollCalculator.Common", "TollCalculator.Common\TollCalculator.Common.csproj", "{B147A369-4246-4598-A348-22EEB2B61F6D}"
EndProject
Project("{FAE04EC0-301F-11D3-BF4B-00C04F79EFBC}") = "TollCalculator.Services", "TollCalculator.Services\TollCalculator.Services.csproj", "{A4C6F9F2-DEB9-425C-A401-AE1DD0282D16}"
EndProject
Project("{FAE04EC0-301F-11D3-BF4B-00C04F79EFBC}") = "TollCalculator.Test", "TollCalculator.Test\TollCalculator.Test.csproj", "{9723FA65-6E91-417F-B231-4FBF5E0B7DAA}"
EndProject
Project("{FAE04EC0-301F-11D3-BF4B-00C04F79EFBC}") = "TollCalculator.Web", "TollCalculator.Web\TollCalculator.Web.csproj", "{1167D4AD-D2FC-4139-B5D8-3F1CAF837993}"
EndProject
Global
	GlobalSection(SolutionConfigurationPlatforms) = preSolution
		Debug|Any CPU = Debug|Any CPU
		Release|Any CPU = Release|Any CPU
	EndGlobalSection
	GlobalSection(ProjectConfigurationPlatforms) = postSolution
		{B147A369-4246-4598-A348-22EEB2B61F6D}.Debug|Any CPU.ActiveCfg = Debug|Any CPU
		{B147A369-4246-4598-A348-22EEB2B61F6D}.Debug|Any CPU.Build.0 = Debug|Any CPU
		{B147A369-4246-4598-A348-22EEB2B61F6D}.Release|Any CPU.ActiveCfg = Release|Any CPU
		{B147A369-4246-4598-A348-22EEB2B61F6D}.Release|Any CPU.Build.0 = Release|Any CPU
		{A4C6F9F2-DEB9-425C-A401-AE1DD0282D16}.Debug|Any CPU.ActiveCfg = Debug|Any CPU
		{A4C6F9F2-DEB9-425C-A401-AE1DD0282D16}.Debug|Any CPU.Build.0 = Debug|Any CPU
		{A4C6F9F2-DEB9-425C-A401-AE1DD0282D16}.Release|Any CPU.ActiveCfg = Release|Any CPU
		{A4C6F9F2-DEB9-425C-A401-AE1DD0282D16}.Release|Any CPU.Build.0 = Release|Any CPU
		{9723FA65-6E91-417F-B231-4FBF5E0B7DAA}.Debug|Any CPU.ActiveCfg = Debug|Any CPU
		{9723FA65-6E91-417F-B231-4FBF5E0B7DAA}.Debug|Any CPU.Build.0 = Debug|Any CPU
		{9723FA65-6E91-417F-B231-4FBF5E0B7DAA}.Release|Any CPU.ActiveCfg = Release|Any CPU
		{9723FA65-6E91-417F-B231-4FBF5E0B7DAA}.Release|Any CPU.Build.0 = Release|Any CPU
		{1167D4AD-D2FC-4139-B5D8-3F1CAF837993}.Debug|Any CPU.ActiveCfg = Debug|Any CPU
		{1167D4AD-D2FC-4139-B5D8-3F1CAF837993}.Debug|Any CPU.Build.0 = Debug|Any CPU
		{1167D4AD-D2FC-4139-B5D8-3F1CAF837993}.Release|Any CPU.ActiveCfg = Release|Any CPU
		{1167D4AD-D2FC-4139-B5D8-3F1CAF837993}.Release|Any CPU.Build.0 = Release|Any CPU
	EndGlobalSection
	GlobalSection(SolutionProperties) = preSolution
		HideSolutionNode = FALSE
	EndGlobalSection
	GlobalSection(ExtensibilityGlobals) = postSolution
		SolutionGuid = {8839125A-2A8D-43FD-B678-FEFFBB6BA08F}
	EndGlobalSection
EndGlobal
